
Microsoft Visual Studio Solution File, Format Version 12.00
# Visual Studio Version 16
VisualStudioVersion = 16.0.31229.75
MinimumVisualStudioVersion = 10.0.40219.1
Project("{FAE04EC0-301F-11D3-BF4B-00C04F79EFBC}") = "Dextra.TDC.PokeDextra.Android", "Dextra.TDC.PokeDextra\Dextra.TDC.PokeDextra.Android\Dextra.TDC.PokeDextra.Android.csproj", "{6EE59BA8-56DF-495C-BEE7-D9EF1729AADC}"
EndProject
Project("{FAE04EC0-301F-11D3-BF4B-00C04F79EFBC}") = "Dextra.TDC.PokeDextra.iOS", "Dextra.TDC.PokeDextra\Dextra.TDC.PokeDextra.iOS\Dextra.TDC.PokeDextra.iOS.csproj", "{38AB8CE7-9580-4B3A-A303-6ED14EDDDA2C}"
EndProject
Project("{FAE04EC0-301F-11D3-BF4B-00C04F79EFBC}") = "Dextra.TDC.PokeDextra", "Dextra.TDC.PokeDextra\Dextra.TDC.PokeDextra\Dextra.TDC.PokeDextra.csproj", "{03239844-C26F-48E0-BA2A-CD80290B5857}"
EndProject
Global
	GlobalSection(SolutionConfigurationPlatforms) = preSolution
		Debug|Any CPU = Debug|Any CPU
		Debug|iPhone = Debug|iPhone
		Debug|iPhoneSimulator = Debug|iPhoneSimulator
		Release|Any CPU = Release|Any CPU
		Release|iPhone = Release|iPhone
		Release|iPhoneSimulator = Release|iPhoneSimulator
	EndGlobalSection
	GlobalSection(ProjectConfigurationPlatforms) = postSolution
		{6EE59BA8-56DF-495C-BEE7-D9EF1729AADC}.Debug|Any CPU.ActiveCfg = Debug|Any CPU
		{6EE59BA8-56DF-495C-BEE7-D9EF1729AADC}.Debug|Any CPU.Build.0 = Debug|Any CPU
		{6EE59BA8-56DF-495C-BEE7-D9EF1729AADC}.Debug|Any CPU.Deploy.0 = Debug|Any CPU
		{6EE59BA8-56DF-495C-BEE7-D9EF1729AADC}.Debug|iPhone.ActiveCfg = Debug|Any CPU
		{6EE59BA8-56DF-495C-BEE7-D9EF1729AADC}.Debug|iPhone.Build.0 = Debug|Any CPU
		{6EE59BA8-56DF-495C-BEE7-D9EF1729AADC}.Debug|iPhone.Deploy.0 = Debug|Any CPU
		{6EE59BA8-56DF-495C-BEE7-D9EF1729AADC}.Debug|iPhoneSimulator.ActiveCfg = Debug|Any CPU
		{6EE59BA8-56DF-495C-BEE7-D9EF1729AADC}.Debug|iPhoneSimulator.Build.0 = Debug|Any CPU
		{6EE59BA8-56DF-495C-BEE7-D9EF1729AADC}.Debug|iPhoneSimulator.Deploy.0 = Debug|Any CPU
		{6EE59BA8-56DF-495C-BEE7-D9EF1729AADC}.Release|Any CPU.ActiveCfg = Release|Any CPU
		{6EE59BA8-56DF-495C-BEE7-D9EF1729AADC}.Release|Any CPU.Build.0 = Release|Any CPU
		{6EE59BA8-56DF-495C-BEE7-D9EF1729AADC}.Release|Any CPU.Deploy.0 = Release|Any CPU
		{6EE59BA8-56DF-495C-BEE7-D9EF1729AADC}.Release|iPhone.ActiveCfg = Release|Any CPU
		{6EE59BA8-56DF-495C-BEE7-D9EF1729AADC}.Release|iPhone.Build.0 = Release|Any CPU
		{6EE59BA8-56DF-495C-BEE7-D9EF1729AADC}.Release|iPhone.Deploy.0 = Release|Any CPU
		{6EE59BA8-56DF-495C-BEE7-D9EF1729AADC}.Release|iPhoneSimulator.ActiveCfg = Release|Any CPU
		{6EE59BA8-56DF-495C-BEE7-D9EF1729AADC}.Release|iPhoneSimulator.Build.0 = Release|Any CPU
		{6EE59BA8-56DF-495C-BEE7-D9EF1729AADC}.Release|iPhoneSimulator.Deploy.0 = Release|Any CPU
		{38AB8CE7-9580-4B3A-A303-6ED14EDDDA2C}.Debug|Any CPU.ActiveCfg = Debug|iPhone
		{38AB8CE7-9580-4B3A-A303-6ED14EDDDA2C}.Debug|Any CPU.Build.0 = Debug|iPhone
		{38AB8CE7-9580-4B3A-A303-6ED14EDDDA2C}.Debug|Any CPU.Deploy.0 = Debug|iPhone
		{38AB8CE7-9580-4B3A-A303-6ED14EDDDA2C}.Debug|iPhone.ActiveCfg = Debug|iPhone
		{38AB8CE7-9580-4B3A-A303-6ED14EDDDA2C}.Debug|iPhone.Build.0 = Debug|iPhone
		{38AB8CE7-9580-4B3A-A303-6ED14EDDDA2C}.Debug|iPhone.Deploy.0 = Debug|iPhone
		{38AB8CE7-9580-4B3A-A303-6ED14EDDDA2C}.Debug|iPhoneSimulator.ActiveCfg = Debug|iPhoneSimulator
		{38AB8CE7-9580-4B3A-A303-6ED14EDDDA2C}.Debug|iPhoneSimulator.Build.0 = Debug|iPhoneSimulator
		{38AB8CE7-9580-4B3A-A303-6ED14EDDDA2C}.Debug|iPhoneSimulator.Deploy.0 = Debug|iPhoneSimulator
		{38AB8CE7-9580-4B3A-A303-6ED14EDDDA2C}.Release|Any CPU.ActiveCfg = Release|iPhoneSimulator
		{38AB8CE7-9580-4B3A-A303-6ED14EDDDA2C}.Release|Any CPU.Build.0 = Release|iPhoneSimulator
		{38AB8CE7-9580-4B3A-A303-6ED14EDDDA2C}.Release|Any CPU.Deploy.0 = Release|iPhoneSimulator
		{38AB8CE7-9580-4B3A-A303-6ED14EDDDA2C}.Release|iPhone.ActiveCfg = Release|iPhone
		{38AB8CE7-9580-4B3A-A303-6ED14EDDDA2C}.Release|iPhone.Build.0 = Release|iPhone
		{38AB8CE7-9580-4B3A-A303-6ED14EDDDA2C}.Release|iPhone.Deploy.0 = Release|iPhone
		{38AB8CE7-9580-4B3A-A303-6ED14EDDDA2C}.Release|iPhoneSimulator.ActiveCfg = Release|iPhoneSimulator
		{38AB8CE7-9580-4B3A-A303-6ED14EDDDA2C}.Release|iPhoneSimulator.Build.0 = Release|iPhoneSimulator
		{38AB8CE7-9580-4B3A-A303-6ED14EDDDA2C}.Release|iPhoneSimulator.Deploy.0 = Release|iPhoneSimulator
		{03239844-C26F-48E0-BA2A-CD80290B5857}.Debug|Any CPU.ActiveCfg = Debug|Any CPU
		{03239844-C26F-48E0-BA2A-CD80290B5857}.Debug|Any CPU.Build.0 = Debug|Any CPU
		{03239844-C26F-48E0-BA2A-CD80290B5857}.Debug|Any CPU.Deploy.0 = Debug|Any CPU
		{03239844-C26F-48E0-BA2A-CD80290B5857}.Debug|iPhone.ActiveCfg = Debug|Any CPU
		{03239844-C26F-48E0-BA2A-CD80290B5857}.Debug|iPhone.Build.0 = Debug|Any CPU
		{03239844-C26F-48E0-BA2A-CD80290B5857}.Debug|iPhone.Deploy.0 = Debug|Any CPU
		{03239844-C26F-48E0-BA2A-CD80290B5857}.Debug|iPhoneSimulator.ActiveCfg = Debug|Any CPU
		{03239844-C26F-48E0-BA2A-CD80290B5857}.Debug|iPhoneSimulator.Build.0 = Debug|Any CPU
		{03239844-C26F-48E0-BA2A-CD80290B5857}.Debug|iPhoneSimulator.Deploy.0 = Debug|Any CPU
		{03239844-C26F-48E0-BA2A-CD80290B5857}.Release|Any CPU.ActiveCfg = Release|Any CPU
		{03239844-C26F-48E0-BA2A-CD80290B5857}.Release|Any CPU.Build.0 = Release|Any CPU
		{03239844-C26F-48E0-BA2A-CD80290B5857}.Release|Any CPU.Deploy.0 = Release|Any CPU
		{03239844-C26F-48E0-BA2A-CD80290B5857}.Release|iPhone.ActiveCfg = Release|Any CPU
		{03239844-C26F-48E0-BA2A-CD80290B5857}.Release|iPhone.Build.0 = Release|Any CPU
		{03239844-C26F-48E0-BA2A-CD80290B5857}.Release|iPhone.Deploy.0 = Release|Any CPU
		{03239844-C26F-48E0-BA2A-CD80290B5857}.Release|iPhoneSimulator.ActiveCfg = Release|Any CPU
		{03239844-C26F-48E0-BA2A-CD80290B5857}.Release|iPhoneSimulator.Build.0 = Release|Any CPU
		{03239844-C26F-48E0-BA2A-CD80290B5857}.Release|iPhoneSimulator.Deploy.0 = Release|Any CPU
	EndGlobalSection
	GlobalSection(SolutionProperties) = preSolution
		HideSolutionNode = FALSE
	EndGlobalSection
	GlobalSection(ExtensibilityGlobals) = postSolution
		SolutionGuid = {9A42C400-C2C2-4872-80EF-72488062C4A8}
	EndGlobalSection
EndGlobal
